
Microsoft Visual Studio Solution File, Format Version 12.00
# Visual Studio 15
VisualStudioVersion = 15.0.26430.6
MinimumVisualStudioVersion = 10.0.40219.1
Project("{FAE04EC0-301F-11D3-BF4B-00C04F79EFBC}") = "HalloCSharp", "HalloCSharp\HalloCSharp.csproj", "{2BA63C57-814F-4CFB-B321-25A94F2EBE5E}"
EndProject
Project("{FAE04EC0-301F-11D3-BF4B-00C04F79EFBC}") = "Kontrollstrukturen", "Kontrollstrukturen\Kontrollstrukturen.csproj", "{674DF860-28B9-4DE3-B9C5-AB83512BB9CA}"
EndProject
Project("{FAE04EC0-301F-11D3-BF4B-00C04F79EFBC}") = "TestResultat", "TestResultat\TestResultat.csproj", "{98C0CAB8-3159-440E-BBF4-C1DD5F0B58F8}"
EndProject
Project("{FAE04EC0-301F-11D3-BF4B-00C04F79EFBC}") = "HalloKlassen", "HalloKlassen\HalloKlassen.csproj", "{9F45D55E-C5C6-4789-8638-DF77EB14F441}"
EndProject
Project("{FAE04EC0-301F-11D3-BF4B-00C04F79EFBC}") = "Methoden", "Methoden\Methoden.csproj", "{1CA190BE-B229-4B60-A8FF-9FF73FA2A01E}"
EndProject
Project("{FAE04EC0-301F-11D3-BF4B-00C04F79EFBC}") = "Kontofuehrung", "Kontofuehrung\Kontofuehrung.csproj", "{97B7BD43-1874-4C17-9849-806D70C7DC9A}"
EndProject
Project("{FAE04EC0-301F-11D3-BF4B-00C04F79EFBC}") = "Vererbung", "Vererbung\Vererbung.csproj", "{E7037E16-F7CB-4E10-AD65-E04D910BC95E}"
EndProject
Project("{FAE04EC0-301F-11D3-BF4B-00C04F79EFBC}") = "VerbergenUndÜberschreiben", "VerbergenUndÜberschreiben\VerbergenUndÜberschreiben.csproj", "{5FCA28BE-D676-4D98-88BE-C989EB72E47C}"
EndProject
Project("{FAE04EC0-301F-11D3-BF4B-00C04F79EFBC}") = "AbstrakteKlassen", "AbstrakteKlassen\AbstrakteKlassen.csproj", "{07803BFA-39C6-4CD6-BB67-083C142AA344}"
EndProject
Project("{FAE04EC0-301F-11D3-BF4B-00C04F79EFBC}") = "Interfaces", "Interfaces\Interfaces.csproj", "{BEE24A49-8D63-4077-9C8A-619F880FE522}"
EndProject
Project("{FAE04EC0-301F-11D3-BF4B-00C04F79EFBC}") = "StatischeMember", "StatischeMember\StatischeMember.csproj", "{267B750F-1A23-44CC-A99D-F1AD1E070EAC}"
EndProject
Global
	GlobalSection(SolutionConfigurationPlatforms) = preSolution
		Debug|Any CPU = Debug|Any CPU
		Release|Any CPU = Release|Any CPU
	EndGlobalSection
	GlobalSection(ProjectConfigurationPlatforms) = postSolution
		{2BA63C57-814F-4CFB-B321-25A94F2EBE5E}.Debug|Any CPU.ActiveCfg = Debug|Any CPU
		{2BA63C57-814F-4CFB-B321-25A94F2EBE5E}.Debug|Any CPU.Build.0 = Debug|Any CPU
		{2BA63C57-814F-4CFB-B321-25A94F2EBE5E}.Release|Any CPU.ActiveCfg = Release|Any CPU
		{2BA63C57-814F-4CFB-B321-25A94F2EBE5E}.Release|Any CPU.Build.0 = Release|Any CPU
		{674DF860-28B9-4DE3-B9C5-AB83512BB9CA}.Debug|Any CPU.ActiveCfg = Debug|Any CPU
		{674DF860-28B9-4DE3-B9C5-AB83512BB9CA}.Debug|Any CPU.Build.0 = Debug|Any CPU
		{674DF860-28B9-4DE3-B9C5-AB83512BB9CA}.Release|Any CPU.ActiveCfg = Release|Any CPU
		{674DF860-28B9-4DE3-B9C5-AB83512BB9CA}.Release|Any CPU.Build.0 = Release|Any CPU
		{98C0CAB8-3159-440E-BBF4-C1DD5F0B58F8}.Debug|Any CPU.ActiveCfg = Debug|Any CPU
		{98C0CAB8-3159-440E-BBF4-C1DD5F0B58F8}.Debug|Any CPU.Build.0 = Debug|Any CPU
		{98C0CAB8-3159-440E-BBF4-C1DD5F0B58F8}.Release|Any CPU.ActiveCfg = Release|Any CPU
		{98C0CAB8-3159-440E-BBF4-C1DD5F0B58F8}.Release|Any CPU.Build.0 = Release|Any CPU
		{9F45D55E-C5C6-4789-8638-DF77EB14F441}.Debug|Any CPU.ActiveCfg = Debug|Any CPU
		{9F45D55E-C5C6-4789-8638-DF77EB14F441}.Debug|Any CPU.Build.0 = Debug|Any CPU
		{9F45D55E-C5C6-4789-8638-DF77EB14F441}.Release|Any CPU.ActiveCfg = Release|Any CPU
		{9F45D55E-C5C6-4789-8638-DF77EB14F441}.Release|Any CPU.Build.0 = Release|Any CPU
		{1CA190BE-B229-4B60-A8FF-9FF73FA2A01E}.Debug|Any CPU.ActiveCfg = Debug|Any CPU
		{1CA190BE-B229-4B60-A8FF-9FF73FA2A01E}.Debug|Any CPU.Build.0 = Debug|Any CPU
		{1CA190BE-B229-4B60-A8FF-9FF73FA2A01E}.Release|Any CPU.ActiveCfg = Release|Any CPU
		{1CA190BE-B229-4B60-A8FF-9FF73FA2A01E}.Release|Any CPU.Build.0 = Release|Any CPU
		{97B7BD43-1874-4C17-9849-806D70C7DC9A}.Debug|Any CPU.ActiveCfg = Debug|Any CPU
		{97B7BD43-1874-4C17-9849-806D70C7DC9A}.Debug|Any CPU.Build.0 = Debug|Any CPU
		{97B7BD43-1874-4C17-9849-806D70C7DC9A}.Release|Any CPU.ActiveCfg = Release|Any CPU
		{97B7BD43-1874-4C17-9849-806D70C7DC9A}.Release|Any CPU.Build.0 = Release|Any CPU
		{E7037E16-F7CB-4E10-AD65-E04D910BC95E}.Debug|Any CPU.ActiveCfg = Debug|Any CPU
		{E7037E16-F7CB-4E10-AD65-E04D910BC95E}.Debug|Any CPU.Build.0 = Debug|Any CPU
		{E7037E16-F7CB-4E10-AD65-E04D910BC95E}.Release|Any CPU.ActiveCfg = Release|Any CPU
		{E7037E16-F7CB-4E10-AD65-E04D910BC95E}.Release|Any CPU.Build.0 = Release|Any CPU
		{5FCA28BE-D676-4D98-88BE-C989EB72E47C}.Debug|Any CPU.ActiveCfg = Debug|Any CPU
		{5FCA28BE-D676-4D98-88BE-C989EB72E47C}.Debug|Any CPU.Build.0 = Debug|Any CPU
		{5FCA28BE-D676-4D98-88BE-C989EB72E47C}.Release|Any CPU.ActiveCfg = Release|Any CPU
		{5FCA28BE-D676-4D98-88BE-C989EB72E47C}.Release|Any CPU.Build.0 = Release|Any CPU
		{07803BFA-39C6-4CD6-BB67-083C142AA344}.Debug|Any CPU.ActiveCfg = Debug|Any CPU
		{07803BFA-39C6-4CD6-BB67-083C142AA344}.Debug|Any CPU.Build.0 = Debug|Any CPU
		{07803BFA-39C6-4CD6-BB67-083C142AA344}.Release|Any CPU.ActiveCfg = Release|Any CPU
		{07803BFA-39C6-4CD6-BB67-083C142AA344}.Release|Any CPU.Build.0 = Release|Any CPU
		{BEE24A49-8D63-4077-9C8A-619F880FE522}.Debug|Any CPU.ActiveCfg = Debug|Any CPU
		{BEE24A49-8D63-4077-9C8A-619F880FE522}.Debug|Any CPU.Build.0 = Debug|Any CPU
		{BEE24A49-8D63-4077-9C8A-619F880FE522}.Release|Any CPU.ActiveCfg = Release|Any CPU
		{BEE24A49-8D63-4077-9C8A-619F880FE522}.Release|Any CPU.Build.0 = Release|Any CPU
		{267B750F-1A23-44CC-A99D-F1AD1E070EAC}.Debug|Any CPU.ActiveCfg = Debug|Any CPU
		{267B750F-1A23-44CC-A99D-F1AD1E070EAC}.Debug|Any CPU.Build.0 = Debug|Any CPU
		{267B750F-1A23-44CC-A99D-F1AD1E070EAC}.Release|Any CPU.ActiveCfg = Release|Any CPU
		{267B750F-1A23-44CC-A99D-F1AD1E070EAC}.Release|Any CPU.Build.0 = Release|Any CPU
	EndGlobalSection
	GlobalSection(SolutionProperties) = preSolution
		HideSolutionNode = FALSE
	EndGlobalSection
EndGlobal
